
Microsoft Visual Studio Solution File, Format Version 12.00
# Visual Studio Version 16
VisualStudioVersion = 16.0.31702.278
MinimumVisualStudioVersion = 10.0.40219.1
Project("{FAE04EC0-301F-11D3-BF4B-00C04F79EFBC}") = "Day20_File_IO", "Day20_File_IO\Day20_File_IO.csproj", "{2546F6E3-C987-4A0B-B3B8-B8AD22921734}"
EndProject
Project("{FAE04EC0-301F-11D3-BF4B-00C04F79EFBC}") = "SerializationDemo", "SerializationDemo\SerializationDemo.csproj", "{F668E626-DF51-48D6-80C9-4DAF8B2199DC}"
EndProject
Global
	GlobalSection(SolutionConfigurationPlatforms) = preSolution
		Debug|Any CPU = Debug|Any CPU
		Release|Any CPU = Release|Any CPU
	EndGlobalSection
	GlobalSection(ProjectConfigurationPlatforms) = postSolution
		{2546F6E3-C987-4A0B-B3B8-B8AD22921734}.Debug|Any CPU.ActiveCfg = Debug|Any CPU
		{2546F6E3-C987-4A0B-B3B8-B8AD22921734}.Debug|Any CPU.Build.0 = Debug|Any CPU
		{2546F6E3-C987-4A0B-B3B8-B8AD22921734}.Release|Any CPU.ActiveCfg = Release|Any CPU
		{2546F6E3-C987-4A0B-B3B8-B8AD22921734}.Release|Any CPU.Build.0 = Release|Any CPU
		{F668E626-DF51-48D6-80C9-4DAF8B2199DC}.Debug|Any CPU.ActiveCfg = Debug|Any CPU
		{F668E626-DF51-48D6-80C9-4DAF8B2199DC}.Debug|Any CPU.Build.0 = Debug|Any CPU
		{F668E626-DF51-48D6-80C9-4DAF8B2199DC}.Release|Any CPU.ActiveCfg = Release|Any CPU
		{F668E626-DF51-48D6-80C9-4DAF8B2199DC}.Release|Any CPU.Build.0 = Release|Any CPU
	EndGlobalSection
	GlobalSection(SolutionProperties) = preSolution
		HideSolutionNode = FALSE
	EndGlobalSection
	GlobalSection(ExtensibilityGlobals) = postSolution
		SolutionGuid = {2E19E8CF-27CB-498D-B4CF-539D2260F057}
	EndGlobalSection
EndGlobal
